version = 1
revision = 2
requires-python = ">=3.11"

[[package]]
name = "click"
version = "8.3.1"
source = { registry = "https://pypi.org/simple" }
dependencies = [
    { name = "colorama", marker = "sys_platform == 'win32'" },
]
sdist = { url = "https://files.pythonhosted.org/packages/3d/fa/656b739db8587d7b5dfa22e22ed02566950fbfbcdc20311993483657a5c0/click-8.3.1.tar.gz", hash = "sha256:12ff4785d337a1bb490bb7e9c2b1ee5da3112e94a8622f26a6c77f5d2fc6842a", size = 295065, upload-time = "2025-11-15T20:45:42.706Z" }
wheels = [
    { url = "https://files.pythonhosted.org/packages/98/78/01c019cdb5d6498122777c1a43056ebb3ebfeef2076d9d026bfe15583b2b/click-8.3.1-py3-none-any.whl", hash = "sha256:981153a64e25f12d547d3426c367a4857371575ee7ad18df2a6183ab0545b2a6", size = 108274, upload-time = "2025-11-15T20:45:41.139Z" },
]

[[package]]
name = "colorama"
version = "0.4.6"
source = { registry = "https://pypi.org/simple" }
sdist = { url = "https://files.pythonhosted.org/packages/d8/53/6f443c9a4a8358a93a6792e2acffb9d9d5cb0a5cfd8802644b7b1c9a02e4/colorama-0.4.6.tar.gz", hash = "sha256:08695f5cb7ed6e0531a20572697297273c47b8cae5a63ffc6d6ed5c201be6e44", size = 27697, upload-time = "2022-10-25T02:36:22.414Z" }
wheels = [
    { url = "https://files.pythonhosted.org/packages/d1/d6/3965ed04c63042e047cb6a3e6ed1a63a35087b6a609aa3a15ed8ac56c221/colorama-0.4.6-py2.py3-none-any.whl", hash = "sha256:4f1d9991f5acc0ca119f9d443620b77f9d6b33703e51011c16baf57afb285fc6", size = 25335, upload-time = "2022-10-25T02:36:20.889Z" },
]

[[package]]
name = "iniconfig"
version = "2.3.0"
source = { registry = "https://pypi.org/simple" }
sdist = { url = "https://files.pythonhosted.org/packages/72/34/14ca021ce8e5dfedc35312d08ba8bf51fdd999c576889fc2c24cb97f4f10/iniconfig-2.3.0.tar.gz", hash = "sha256:c76315c77db068650d49c5b56314774a7804df16fee4402c1f19d6d15d8c4730", size = 20503, upload-time = "2025-10-18T21:55:43.219Z" }
wheels = [
    { url = "https://files.pythonhosted.org/packages/cb/b1/3846dd7f199d53cb17f49cba7e651e9ce294d8497c8c150530ed11865bb8/iniconfig-2.3.0-py3-none-any.whl", hash = "sha256:f631c04d2c48c52b84d0d0549c99ff3859c98df65b3101406327ecc7d53fbf12", size = 7484, upload-time = "2025-10-18T21:55:41.639Z" },
]

[[package]]
name = "libtrails"
version = "0.1.0"
source = { editable = "." }
dependencies = [
    { name = "click" },
    { name = "rich" },
    { name = "selectolax" },
]

[package.optional-dependencies]
dev = [
    { name = "pytest" },
]

[package.metadata]
requires-dist = [
    { name = "click", specifier = ">=8.1.0" },
    { name = "pytest", marker = "extra == 'dev'", specifier = ">=8.0.0" },
    { name = "rich", specifier = ">=13.0.0" },
    { name = "selectolax", specifier = ">=0.3.21" },
]
provides-extras = ["dev"]

[[package]]
name = "markdown-it-py"
version = "4.0.0"
source = { registry = "https://pypi.org/simple" }
dependencies = [
    { name = "mdurl" },
]
sdist = { url = "https://files.pythonhosted.org/packages/5b/f5/4ec618ed16cc4f8fb3b701563655a69816155e79e24a17b651541804721d/markdown_it_py-4.0.0.tar.gz", hash = "sha256:cb0a2b4aa34f932c007117b194e945bd74e0ec24133ceb5bac59009cda1cb9f3", size = 73070, upload-time = "2025-08-11T12:57:52.854Z" }
wheels = [
    { url = "https://files.pythonhosted.org/packages/94/54/e7d793b573f298e1c9013b8c4dade17d481164aa517d1d7148619c2cedbf/markdown_it_py-4.0.0-py3-none-any.whl", hash = "sha256:87327c59b172c5011896038353a81343b6754500a08cd7a4973bb48c6d578147", size = 87321, upload-time = "2025-08-11T12:57:51.923Z" },
]

[[package]]
name = "mdurl"
version = "0.1.2"
source = { registry = "https://pypi.org/simple" }
sdist = { url = "https://files.pythonhosted.org/packages/d6/54/cfe61301667036ec958cb99bd3efefba235e65cdeb9c84d24a8293ba1d90/mdurl-0.1.2.tar.gz", hash = "sha256:bb413d29f5eea38f31dd4754dd7377d4465116fb207585f97bf925588687c1ba", size = 8729, upload-time = "2022-08-14T12:40:10.846Z" }
wheels = [
    { url = "https://files.pythonhosted.org/packages/b3/38/89ba8ad64ae25be8de66a6d463314cf1eb366222074cfda9ee839c56a4b4/mdurl-0.1.2-py3-none-any.whl", hash = "sha256:84008a41e51615a49fc9966191ff91509e3c40b939176e643fd50a5c2196b8f8", size = 9979, upload-time = "2022-08-14T12:40:09.779Z" },
]

[[package]]
name = "packaging"
version = "26.0"
source = { registry = "https://pypi.org/simple" }
sdist = { url = "https://files.pythonhosted.org/packages/65/ee/299d360cdc32edc7d2cf530f3accf79c4fca01e96ffc950d8a52213bd8e4/packaging-26.0.tar.gz", hash = "sha256:00243ae351a257117b6a241061796684b084ed1c516a08c48a3f7e147a9d80b4", size = 143416, upload-time = "2026-01-21T20:50:39.064Z" }
wheels = [
    { url = "https://files.pythonhosted.org/packages/b7/b9/c538f279a4e237a006a2c98387d081e9eb060d203d8ed34467cc0f0b9b53/packaging-26.0-py3-none-any.whl", hash = "sha256:b36f1fef9334a5588b4166f8bcd26a14e521f2b55e6b9de3aaa80d3ff7a37529", size = 74366, upload-time = "2026-01-21T20:50:37.788Z" },
]

[[package]]
name = "pluggy"
version = "1.6.0"
source = { registry = "https://pypi.org/simple" }
sdist = { url = "https://files.pythonhosted.org/packages/f9/e2/3e91f31a7d2b083fe6ef3fa267035b518369d9511ffab804f839851d2779/pluggy-1.6.0.tar.gz", hash = "sha256:7dcc130b76258d33b90f61b658791dede3486c3e6bfb003ee5c9bfb396dd22f3", size = 69412, upload-time = "2025-05-15T12:30:07.975Z" }
wheels = [
    { url = "https://files.pythonhosted.org/packages/54/20/4d324d65cc6d9205fabedc306948156824eb9f0ee1633355a8f7ec5c66bf/pluggy-1.6.0-py3-none-any.whl", hash = "sha256:e920276dd6813095e9377c0bc5566d94c932c33b27a3e3945d8389c374dd4746", size = 20538, upload-time = "2025-05-15T12:30:06.134Z" },
]

[[package]]
name = "pygments"
version = "2.19.2"
source = { registry = "https://pypi.org/simple" }
sdist = { url = "https://files.pythonhosted.org/packages/b0/77/a5b8c569bf593b0140bde72ea885a803b82086995367bf2037de0159d924/pygments-2.19.2.tar.gz", hash = "sha256:636cb2477cec7f8952536970bc533bc43743542f70392ae026374600add5b887", size = 4968631, upload-time = "2025-06-21T13:39:12.283Z" }
wheels = [
    { url = "https://files.pythonhosted.org/packages/c7/21/705964c7812476f378728bdf590ca4b771ec72385c533964653c68e86bdc/pygments-2.19.2-py3-none-any.whl", hash = "sha256:86540386c03d588bb81d44bc3928634ff26449851e99741617ecb9037ee5ec0b", size = 1225217, upload-time = "2025-06-21T13:39:07.939Z" },
]

[[package]]
name = "pytest"
version = "9.0.2"
source = { registry = "https://pypi.org/simple" }
dependencies = [
    { name = "colorama", marker = "sys_platform == 'win32'" },
    { name = "iniconfig" },
    { name = "packaging" },
    { name = "pluggy" },
    { name = "pygments" },
]
sdist = { url = "https://files.pythonhosted.org/packages/d1/db/7ef3487e0fb0049ddb5ce41d3a49c235bf9ad299b6a25d5780a89f19230f/pytest-9.0.2.tar.gz", hash = "sha256:75186651a92bd89611d1d9fc20f0b4345fd827c41ccd5c299a868a05d70edf11", size = 1568901, upload-time = "2025-12-06T21:30:51.014Z" }
wheels = [
    { url = "https://files.pythonhosted.org/packages/3b/ab/b3226f0bd7cdcf710fbede2b3548584366da3b19b5021e74f5bde2a8fa3f/pytest-9.0.2-py3-none-any.whl", hash = "sha256:711ffd45bf766d5264d487b917733b453d917afd2b0ad65223959f59089f875b", size = 374801, upload-time = "2025-12-06T21:30:49.154Z" },
]

[[package]]
name = "rich"
version = "14.3.1"
source = { registry = "https://pypi.org/simple" }
dependencies = [
    { name = "markdown-it-py" },
    { name = "pygments" },
]
sdist = { url = "https://files.pythonhosted.org/packages/a1/84/4831f881aa6ff3c976f6d6809b58cdfa350593ffc0dc3c58f5f6586780fb/rich-14.3.1.tar.gz", hash = "sha256:b8c5f568a3a749f9290ec6bddedf835cec33696bfc1e48bcfecb276c7386e4b8", size = 230125, upload-time = "2026-01-24T21:40:44.847Z" }
wheels = [
    { url = "https://files.pythonhosted.org/packages/87/2a/a1810c8627b9ec8c57ec5ec325d306701ae7be50235e8fd81266e002a3cc/rich-14.3.1-py3-none-any.whl", hash = "sha256:da750b1aebbff0b372557426fb3f35ba56de8ef954b3190315eb64076d6fb54e", size = 309952, upload-time = "2026-01-24T21:40:42.969Z" },
]

[[package]]
name = "selectolax"
version = "0.4.6"
source = { registry = "https://pypi.org/simple" }
sdist = { url = "https://files.pythonhosted.org/packages/fb/c5/959b8661d200d9fd3cf52061ce6f1d7087ec94823bb324fe1ca76c80b250/selectolax-0.4.6.tar.gz", hash = "sha256:bd9326cfc9bbd5bfcda980b0452b9761b3cf134015154e95d83fa32cbfbb751b", size = 4793248, upload-time = "2025-12-06T12:35:48.513Z" }
wheels = [
    { url = "https://files.pythonhosted.org/packages/a0/76/9b5358d82353b68c5828cc8ceae4ff1073495462979d2035c1089f4421dd/selectolax-0.4.6-cp311-cp311-macosx_10_9_x86_64.whl", hash = "sha256:751f727c9963584fcfa101b2696e0dd31236142901bbe7866a8e39f2ec346cc4", size = 2052057, upload-time = "2025-12-06T12:34:24.448Z" },
    { url = "https://files.pythonhosted.org/packages/e3/d1/9f8c8841f414a1b72174acef916d4ed38cc0fa041d3e933013e2b3213f30/selectolax-0.4.6-cp311-cp311-macosx_11_0_arm64.whl", hash = "sha256:d6f45737b638836b9fe2a4e7ccfbcd48a315ebb96da76a79a04b8227c1a967ee", size = 2050379, upload-time = "2025-12-06T12:34:26.383Z" },
    { url = "https://files.pythonhosted.org/packages/bc/c4/8e5ab9275a185a31d06b5ea58e3ba61d57e57700964cbd56fe074dbe458c/selectolax-0.4.6-cp311-cp311-manylinux2014_aarch64.manylinux_2_17_aarch64.manylinux_2_28_aarch64.whl", hash = "sha256:15a22c5cd9c23f09227b2b9c227d986396125a9b0eb21be655f22fe4ccc5679a", size = 2238005, upload-time = "2025-12-06T12:34:28.2Z" },
    { url = "https://files.pythonhosted.org/packages/ea/af/f4299d931a8e11ba1998cac70d407c5338436978325232eb252ac7f5aba2/selectolax-0.4.6-cp311-cp311-manylinux2014_x86_64.manylinux_2_17_x86_64.manylinux_2_28_x86_64.whl", hash = "sha256:e64f771807f1a7353f4d6878c303bfbd6c6fe58897e301aa6d0de7e5e60cef61", size = 2272927, upload-time = "2025-12-06T12:34:29.955Z" },
    { url = "https://files.pythonhosted.org/packages/7b/5e/9afbb0e8495846bf97fa7725a6f97622ad85efc654cb3cbf4c881bd345de/selectolax-0.4.6-cp311-cp311-musllinux_1_2_aarch64.whl", hash = "sha256:a0144a37fbf01695ccf2d0d24caaa058a28449cecb2c754bb9e616f339468d74", size = 2250901, upload-time = "2025-12-06T12:34:31.442Z" },
    { url = "https://files.pythonhosted.org/packages/d5/6b/914cc9c977fd21949af5776d25b9c011b6e72fb38569161ab6ca83d6130a/selectolax-0.4.6-cp311-cp311-musllinux_1_2_x86_64.whl", hash = "sha256:3c9bdd4a9b3f71f28a0ee558a105451debd33cbe1ed350ebba7ad6b68d62815c", size = 2279842, upload-time = "2025-12-06T12:34:32.739Z" },
    { url = "https://files.pythonhosted.org/packages/e1/30/b32d79d31c893cf5ccea5a5be4565db1eda9bbf458ddfe402559267f2d31/selectolax-0.4.6-cp311-cp311-win32.whl", hash = "sha256:b91c34b854fdd5d21c8353f130899f8413b7104a96078acbca59c8b2d57e9352", size = 1730462, upload-time = "2025-12-06T12:34:34.435Z" },
    { url = "https://files.pythonhosted.org/packages/8f/f1/c7ba048d4fcc4c8d5857233c59d07f18e60b21400a8ad8e8d7da670024c2/selectolax-0.4.6-cp311-cp311-win_amd64.whl", hash = "sha256:901064121e706bc86ed13f6e0dbe478398ad05ab112f5efbc8d722320a087b93", size = 1831442, upload-time = "2025-12-06T12:34:35.846Z" },
    { url = "https://files.pythonhosted.org/packages/d5/55/b33853f66b1f875bbbbfc2294ce7a4065774621ab6ebf20e8abf19965846/selectolax-0.4.6-cp311-cp311-win_arm64.whl", hash = "sha256:609c6c19f5b7cb669a6321a1d4133d2e2b443f23f7d454de76904118a91236a6", size = 1781850, upload-time = "2025-12-06T12:34:37.175Z" },
    { url = "https://files.pythonhosted.org/packages/ee/81/1fdf6633df840afd9d7054a3441f04cfb1fc9d098c6c9f3bd46a64fb632e/selectolax-0.4.6-cp312-cp312-macosx_10_13_x86_64.whl", hash = "sha256:20615062d6062b197b61fd646e667591e987be3a894e8a8408d2a482ccddc747", size = 2051021, upload-time = "2025-12-06T12:34:38.495Z" },
    { url = "https://files.pythonhosted.org/packages/cc/54/d59738d090cb4df3a3a6297b7ec216b86d3ba7f320013c4bc8d4841c9f5d/selectolax-0.4.6-cp312-cp312-macosx_11_0_arm64.whl", hash = "sha256:c436006e2af6ade80b96411cf46652c11ced4f230032e25e1f5210b7522a4fe3", size = 2047409, upload-time = "2025-12-06T12:34:39.875Z" },
    { url = "https://files.pythonhosted.org/packages/fc/67/3b163ec18a128df3a3b59ce676a2dacfb26e714da81ba8a98e184b4ef187/selectolax-0.4.6-cp312-cp312-manylinux2014_aarch64.manylinux_2_17_aarch64.manylinux_2_28_aarch64.whl", hash = "sha256:705a70b6f4e553e8c5299881269d3735a7df8a23711927a33caa16b4eaef580f", size = 2237052, upload-time = "2025-12-06T12:34:41.24Z" },
    { url = "https://files.pythonhosted.org/packages/f0/04/c3ae4a77e8cfa647b9177e727a7e80f64b160b65ad0db0dcb3738a4ef4a0/selectolax-0.4.6-cp312-cp312-manylinux2014_x86_64.manylinux_2_17_x86_64.manylinux_2_28_x86_64.whl", hash = "sha256:c04fd180689ed9450ad2453a3cba74cff2475a4281f76db9e18a658b7823e594", size = 2275615, upload-time = "2025-12-06T12:34:43.114Z" },
    { url = "https://files.pythonhosted.org/packages/12/de/aaa016c44e63a1efd5525f6da6eac807388a06c70671091c735d93f13b74/selectolax-0.4.6-cp312-cp312-musllinux_1_2_aarch64.whl", hash = "sha256:cb33eb0809e70ba4a475105d164c3f90a4bb711744ca69e20037298256b8e9d7", size = 2249186, upload-time = "2025-12-06T12:34:44.84Z" },
    { url = "https://files.pythonhosted.org/packages/76/9a/a9cf9f0158b0804c7ea404d790af031830eb6452a4948853f7582eea6c51/selectolax-0.4.6-cp312-cp312-musllinux_1_2_x86_64.whl", hash = "sha256:97f30b7c731f9f3328e9c6aef7ca3c17fbcbc4495e286a2cdad9a77bcadfadf1", size = 2282041, upload-time = "2025-12-06T12:34:46.19Z" },
    { url = "https://files.pythonhosted.org/packages/4c/ea/85de7ab8a9fc0301d1b428e69dc0bced9c1cd7379872d576a2b88eb91933/selectolax-0.4.6-cp312-cp312-win32.whl", hash = "sha256:f4375b352b609508e4a6980431dc6cc1812b97658ad1aa8caa61e01565de0d7d", size = 1727544, upload-time = "2025-12-06T12:34:47.541Z" },
    { url = "https://files.pythonhosted.org/packages/50/70/4aac2df64920112672cda846941d85c90b8152b2eddc9cf2615181551957/selectolax-0.4.6-cp312-cp312-win_amd64.whl", hash = "sha256:1d02637a6746bf1ba7de1dfc00a0344ffb30bedd1b5d4e61727c960225bf6ce0", size = 1827825, upload-time = "2025-12-06T12:34:49.283Z" },
    { url = "https://files.pythonhosted.org/packages/8d/b0/09648383afed1a10df97ce30527d30714edc4072086915b4bb1a0d81a728/selectolax-0.4.6-cp312-cp312-win_arm64.whl", hash = "sha256:bb0b371c3e2a94e6658ba4b5af88fc35aaf44f57f5a066ecaf96b4875a47aec4", size = 1775233, upload-time = "2025-12-06T12:34:51.576Z" },
    { url = "https://files.pythonhosted.org/packages/4d/87/7ed053cce7de8b29746c602851c67654287e25ec404d575911c6f40b671f/selectolax-0.4.6-cp313-cp313-macosx_10_13_x86_64.whl", hash = "sha256:8303af0eeef6ab2f06f2b18e3c825df4f6984405a862c8e9e654621c26558aca", size = 2050412, upload-time = "2025-12-06T12:34:53.086Z" },
    { url = "https://files.pythonhosted.org/packages/44/74/e8cd9b9b53da0e849b27a2ef68580915321ee52a662f015275a1cf6cca85/selectolax-0.4.6-cp313-cp313-macosx_11_0_arm64.whl", hash = "sha256:d8b1fb5507d90e719de705d93eaa3bdd5f2d69facf012fb67b7da8a9cd20ea6b", size = 2046513, upload-time = "2025-12-06T12:34:54.583Z" },
    { url = "https://files.pythonhosted.org/packages/a0/ca/c1cc7f03b681d272dbb0dc47cf9d0df857ae156d7ea54d88cc25ec23c8e9/selectolax-0.4.6-cp313-cp313-manylinux2014_aarch64.manylinux_2_17_aarch64.manylinux_2_28_aarch64.whl", hash = "sha256:30ac51bd5bfcd6bffe58720b1fc5f97666681f0793d79d292069b3a3f8599ef0", size = 2234404, upload-time = "2025-12-06T12:34:55.971Z" },
    { url = "https://files.pythonhosted.org/packages/df/00/a6e5c4d65243147fbd8837951267f098d9bee66ada4dc0c99d97259e052c/selectolax-0.4.6-cp313-cp313-manylinux2014_x86_64.manylinux_2_17_x86_64.manylinux_2_28_x86_64.whl", hash = "sha256:cfee4d1269fd462256641abdf6c2ee4dd799ba82c578acab0bcde07547637826", size = 2272678, upload-time = "2025-12-06T12:34:57.3Z" },
    { url = "https://files.pythonhosted.org/packages/ab/a2/05351e0f0da62d1bc01b7820a990f1e4dec688206e0278ee8faeeb878940/selectolax-0.4.6-cp313-cp313-musllinux_1_2_aarch64.whl", hash = "sha256:fce09eeb5dd19fba672a829f63e3c40238af4a929ce1e5fd16dcbc4fd253e300", size = 2247471, upload-time = "2025-12-06T12:34:59.048Z" },
    { url = "https://files.pythonhosted.org/packages/ea/95/1ab9e3ad2d53dbcd7141af149c7259c693dc2dc46e27d72b7a68f17f3364/selectolax-0.4.6-cp313-cp313-musllinux_1_2_x86_64.whl", hash = "sha256:b4e97ca71d545cab9c57ba3b18358cbc96ef0dcd01920ea903a531386ca1f849", size = 2278271, upload-time = "2025-12-06T12:35:00.487Z" },
    { url = "https://files.pythonhosted.org/packages/04/41/ca80ca68fb9990cb46d753363d8dc0771225bc9bb9a77247a1987e52d2d5/selectolax-0.4.6-cp313-cp313-win32.whl", hash = "sha256:98fce08839cb8fd5d8788cbed2724cd892c78182cd923e246ef586d552a29a94", size = 1727514, upload-time = "2025-12-06T12:35:02.081Z" },
    { url = "https://files.pythonhosted.org/packages/f0/47/f048994ab32773fda8eda57a874afb30d0b2bf30952c009006e81737e07e/selectolax-0.4.6-cp313-cp313-win_amd64.whl", hash = "sha256:cdc8e7833d2456331e519fe901d1c8844d120a26b21b6429f47ae946e65b0c04", size = 1829070, upload-time = "2025-12-06T12:35:03.857Z" },
    { url = "https://files.pythonhosted.org/packages/50/94/ab0d86b1a719c090e2bde9f7d9037439900e86fb50c258b5fd9f6530521b/selectolax-0.4.6-cp313-cp313-win_arm64.whl", hash = "sha256:d6f8c976ad067a6607b2a052b141149ae23584819b73288c32f08a1ece23d60a", size = 1774935, upload-time = "2025-12-06T12:35:05.323Z" },
    { url = "https://files.pythonhosted.org/packages/d2/38/93b4907c596487e13f8261129b1663559c96fc37ea2c973c98a393307484/selectolax-0.4.6-cp314-cp314-macosx_10_13_x86_64.whl", hash = "sha256:961c037ac41a12bf9db35a95d6076461f9b127d361c9ef26a77f76c45b1056eb", size = 2069131, upload-time = "2025-12-06T12:35:06.737Z" },
    { url = "https://files.pythonhosted.org/packages/f6/04/d29769a8313ccb9db6278401840e79662f341b716d268f7468b6270d15e1/selectolax-0.4.6-cp314-cp314-macosx_11_0_arm64.whl", hash = "sha256:f2be076a69a12657a38933b99d31c604d95d63911e0799f89305da8e89918874", size = 2066134, upload-time = "2025-12-06T12:35:08.163Z" },
    { url = "https://files.pythonhosted.org/packages/29/a2/1c26b4cc6a708d234e39199bd75acdc1cfdcf4f3138e16d25e3e7aa0295d/selectolax-0.4.6-cp314-cp314-manylinux2014_aarch64.manylinux_2_17_aarch64.manylinux_2_28_aarch64.whl", hash = "sha256:25ae5dd7c20035312211de43952934981e8ff4e1502467ce78665f57bc5eaf7f", size = 2240810, upload-time = "2025-12-06T12:35:09.556Z" },
    { url = "https://files.pythonhosted.org/packages/1f/de/b021342d306bd08c92d0d9e9072a3ed6a3038f78387187d37fb775196fa0/selectolax-0.4.6-cp314-cp314-manylinux2014_x86_64.manylinux_2_17_x86_64.manylinux_2_28_x86_64.whl", hash = "sha256:cfe1274930affe2b986fd20cbf2916ddf4a760edf30a7eeb9151b31e8cbe6027", size = 2274401, upload-time = "2025-12-06T12:35:11.023Z" },
    { url = "https://files.pythonhosted.org/packages/29/77/b2816be2f4878f4e86fabca5932610401dc88d956948d97a82947e27d8bc/selectolax-0.4.6-cp314-cp314-musllinux_1_2_aarch64.whl", hash = "sha256:e52174a75236c1321f0f0353b5d97ba575c61428f16c2d78159cb154fa407e97", size = 2271054, upload-time = "2025-12-06T12:35:12.878Z" },
    { url = "https://files.pythonhosted.org/packages/1f/3a/ae48b9febf2af21a0fdd4fba07861ae3e13bd7235df3fa39918d33004058/selectolax-0.4.6-cp314-cp314-musllinux_1_2_x86_64.whl", hash = "sha256:5032187ed8f8d77da6dee5467a87fe9b1553c10c63671fe830e87a2d347ef8ae", size = 2297773, upload-time = "2025-12-06T12:35:14.383Z" },
    { url = "https://files.pythonhosted.org/packages/f9/8c/4e120b2b6dc55543bf2ffc43e78589022e59c02fa93dea0b4d22dfe3fc27/selectolax-0.4.6-cp314-cp314-win32.whl", hash = "sha256:8a4f50eb37abffe118730c062827a204a732cc1b9cd28b5dbf40752c371e9339", size = 1838289, upload-time = "2025-12-06T12:35:16.278Z" },
    { url = "https://files.pythonhosted.org/packages/c4/2f/51f15b06f4fcf9d5845d6bba534f7f2ed531f148c77ed8fff105cd770aa5/selectolax-0.4.6-cp314-cp314-win_amd64.whl", hash = "sha256:11527cd430cb6d1d1a422209d87aec5767befff424f2affaa3daa2789878cf9f", size = 1938201, upload-time = "2025-12-06T12:35:17.694Z" },
    { url = "https://files.pythonhosted.org/packages/f3/8d/c099dcbb385e7d2145c4f19da183639bf4e429e1524dcba31ea311c5d276/selectolax-0.4.6-cp314-cp314-win_arm64.whl", hash = "sha256:254d7f59580631dac1fcb861bb01f45039e3ac53187f07d8ccc3519110bacad0", size = 1886188, upload-time = "2025-12-06T12:35:19.538Z" },
    { url = "https://files.pythonhosted.org/packages/54/ce/f3fa904517745ecd289b6ce18845ae968cf7d0b17e65ab781259f2746254/selectolax-0.4.6-cp314-cp314t-macosx_10_13_x86_64.whl", hash = "sha256:48a9bce389c281fec8bf3b5a36bd376f1ad1f36ff072dcedaa977188b3882be1", size = 2088107, upload-time = "2025-12-06T12:35:21.061Z" },
    { url = "https://files.pythonhosted.org/packages/4f/18/359da9723d3ec1235819cea0958bc417ce6a12699977920854b300ad4529/selectolax-0.4.6-cp314-cp314t-macosx_11_0_arm64.whl", hash = "sha256:ff1632c1767f6005adc2dff7b72ea9d0b6493702e86e04ee5cf934ab630172aa", size = 2090836, upload-time = "2025-12-06T12:35:22.421Z" },
    { url = "https://files.pythonhosted.org/packages/e2/20/199f2a05ca8dfd9bc146af03fbfaa1e2050601d3141267070a2a023ea68f/selectolax-0.4.6-cp314-cp314t-manylinux2014_aarch64.manylinux_2_17_aarch64.manylinux_2_28_aarch64.whl", hash = "sha256:64a56dd91c22e809305e127bbd4cd75ad1016dd329a4e945a176c6f3376d00e2", size = 2248608, upload-time = "2025-12-06T12:35:23.946Z" },
    { url = "https://files.pythonhosted.org/packages/f9/67/261c06cdae29fad287008d39f51a80431f3fce66c2865b880e61d04cdfd2/selectolax-0.4.6-cp314-cp314t-manylinux2014_x86_64.manylinux_2_17_x86_64.manylinux_2_28_x86_64.whl", hash = "sha256:223471d2c9095406d69faf461aa217782575d62362d36809e350f6d3c2f69f4e", size = 2275653, upload-time = "2025-12-06T12:35:25.423Z" },
    { url = "https://files.pythonhosted.org/packages/10/80/f2519487a86b5366acadd9e07c212b38fb657bb62b9e01de9fb24c3ada27/selectolax-0.4.6-cp314-cp314t-musllinux_1_2_aarch64.whl", hash = "sha256:8c1043e61df29f4f8ef49f9f623b3d710f0c545d9a7939eee52c49987b06aef7", size = 2283495, upload-time = "2025-12-06T12:35:26.843Z" },
    { url = "https://files.pythonhosted.org/packages/66/cc/35a0fd896371e0b5a84365b03f88c7dbe8984862e34ce32baed81ee6f486/selectolax-0.4.6-cp314-cp314t-musllinux_1_2_x86_64.whl", hash = "sha256:b323ad4ebcf2edad2488022402fbc73ee158ffe81607ec1ce5eb1039eab94086", size = 2300207, upload-time = "2025-12-06T12:35:28.23Z" },
    { url = "https://files.pythonhosted.org/packages/51/b2/dc83cce2f38a3c72d6bf9268ef6c1708ab1b4d546074384e7e0d097bf4f6/selectolax-0.4.6-cp314-cp314t-win32.whl", hash = "sha256:f5017f6e2408160604c87fb21490d9af802d09dbc1b91ac89acd9922b7b04d31", size = 1890595, upload-time = "2025-12-06T12:35:29.625Z" },
    { url = "https://files.pythonhosted.org/packages/87/f9/8da49637643b1dffbcadc8972f1fee519c126978acaf5df59405e48424f4/selectolax-0.4.6-cp314-cp314t-win_amd64.whl", hash = "sha256:56adb0f014ab55627f20f53888a7bf1ec53aac8189fe344aec3d5077a7ad9889", size = 2005252, upload-time = "2025-12-06T12:35:31.116Z" },
    { url = "https://files.pythonhosted.org/packages/94/7f/f783e2254db082df4f6bc00fe3b32b9dd27c3b7302a44c8c37728bb67fb7/selectolax-0.4.6-cp314-cp314t-win_arm64.whl", hash = "sha256:66558cfb1c7402fed0f47b9a2692eed53e3e2f345526314b493b5093cb951e21", size = 1906079, upload-time = "2025-12-06T12:35:32.951Z" },
]
